// !$*UTF8*$!
{
	archiveVersion = 1;
	classes = {
	};
	objectVersion = 56;
	objects = {

/* Begin PBXBuildFile section */
		305682DC29B567C60041F4A2 /* WeatherData.swift in Sources */ = {isa = PBXBuildFile; fileRef = 305682DB29B567C60041F4A2 /* WeatherData.swift */; };
		305682DE29B569450041F4A2 /* WeatherManager.swift in Sources */ = {isa = PBXBuildFile; fileRef = 305682DD29B569450041F4A2 /* WeatherManager.swift */; };
		3069F8B329B8DE4C003E1B8C /* addCityViewController.swift in Sources */ = {isa = PBXBuildFile; fileRef = 3069F8B229B8DE4C003E1B8C /* addCityViewController.swift */; };
		30AE471729BCB2B000CD264C /* Int+Extensions.swift in Sources */ = {isa = PBXBuildFile; fileRef = 30AE471629BCB2B000CD264C /* Int+Extensions.swift */; };
		30BAE26929B6B695000894C9 /* Double+Extentions.swift in Sources */ = {isa = PBXBuildFile; fileRef = 30BAE26829B6B695000894C9 /* Double+Extentions.swift */; };
		30D15CBF29B54E7400ACC257 /* AppDelegate.swift in Sources */ = {isa = PBXBuildFile; fileRef = 30D15CBE29B54E7400ACC257 /* AppDelegate.swift */; };
		30D15CC129B54E7400ACC257 /* SceneDelegate.swift in Sources */ = {isa = PBXBuildFile; fileRef = 30D15CC029B54E7400ACC257 /* SceneDelegate.swift */; };
		30D15CC329B54E7400ACC257 /* WeatherViewController.swift in Sources */ = {isa = PBXBuildFile; fileRef = 30D15CC229B54E7400ACC257 /* WeatherViewController.swift */; };
		30D15CC629B54E7400ACC257 /* Main.storyboard in Resources */ = {isa = PBXBuildFile; fileRef = 30D15CC429B54E7400ACC257 /* Main.storyboard */; };
		30D15CC829B54E7500ACC257 /* Assets.xcassets in Resources */ = {isa = PBXBuildFile; fileRef = 30D15CC729B54E7500ACC257 /* Assets.xcassets */; };
		30D15CCB29B54E7500ACC257 /* LaunchScreen.storyboard in Resources */ = {isa = PBXBuildFile; fileRef = 30D15CC929B54E7500ACC257 /* LaunchScreen.storyboard */; };
		70311B252472C19947D8ECAD /* Pods_weather_app.framework in Frameworks */ = {isa = PBXBuildFile; fileRef = 23459CB01F5F1924E157B3BB /* Pods_weather_app.framework */; };
/* End PBXBuildFile section */

/* Begin PBXFileReference section */
		0DC931BE3F1A60FC585E7B0F /* Pods-weather-app.debug.xcconfig */ = {isa = PBXFileReference; includeInIndex = 1; lastKnownFileType = text.xcconfig; name = "Pods-weather-app.debug.xcconfig"; path = "Target Support Files/Pods-weather-app/Pods-weather-app.debug.xcconfig"; sourceTree = "<group>"; };
		23459CB01F5F1924E157B3BB /* Pods_weather_app.framework */ = {isa = PBXFileReference; explicitFileType = wrapper.framework; includeInIndex = 0; path = Pods_weather_app.framework; sourceTree = BUILT_PRODUCTS_DIR; };
		305682DB29B567C60041F4A2 /* WeatherData.swift */ = {isa = PBXFileReference; lastKnownFileType = sourcecode.swift; path = WeatherData.swift; sourceTree = "<group>"; };
		305682DD29B569450041F4A2 /* WeatherManager.swift */ = {isa = PBXFileReference; lastKnownFileType = sourcecode.swift; path = WeatherManager.swift; sourceTree = "<group>"; };
		3069F8B229B8DE4C003E1B8C /* addCityViewController.swift */ = {isa = PBXFileReference; lastKnownFileType = sourcecode.swift; path = addCityViewController.swift; sourceTree = "<group>"; };
		30AE471629BCB2B000CD264C /* Int+Extensions.swift */ = {isa = PBXFileReference; lastKnownFileType = sourcecode.swift; path = "Int+Extensions.swift"; sourceTree = "<group>"; };
		30BAE26829B6B695000894C9 /* Double+Extentions.swift */ = {isa = PBXFileReference; lastKnownFileType = sourcecode.swift; path = "Double+Extentions.swift"; sourceTree = "<group>"; };
		30D15CBB29B54E7400ACC257 /* weather-app.app */ = {isa = PBXFileReference; explicitFileType = wrapper.application; includeInIndex = 0; path = "weather-app.app"; sourceTree = BUILT_PRODUCTS_DIR; };
		30D15CBE29B54E7400ACC257 /* AppDelegate.swift */ = {isa = PBXFileReference; lastKnownFileType = sourcecode.swift; path = AppDelegate.swift; sourceTree = "<group>"; };
		30D15CC029B54E7400ACC257 /* SceneDelegate.swift */ = {isa = PBXFileReference; lastKnownFileType = sourcecode.swift; path = SceneDelegate.swift; sourceTree = "<group>"; };
		30D15CC229B54E7400ACC257 /* WeatherViewController.swift */ = {isa = PBXFileReference; lastKnownFileType = sourcecode.swift; path = WeatherViewController.swift; sourceTree = "<group>"; };
		30D15CC529B54E7400ACC257 /* Base */ = {isa = PBXFileReference; lastKnownFileType = file.storyboard; name = Base; path = Base.lproj/Main.storyboard; sourceTree = "<group>"; };
		30D15CC729B54E7500ACC257 /* Assets.xcassets */ = {isa = PBXFileReference; lastKnownFileType = folder.assetcatalog; path = Assets.xcassets; sourceTree = "<group>"; };
		30D15CCA29B54E7500ACC257 /* Base */ = {isa = PBXFileReference; lastKnownFileType = file.storyboard; name = Base; path = Base.lproj/LaunchScreen.storyboard; sourceTree = "<group>"; };
		30D15CCC29B54E7500ACC257 /* Info.plist */ = {isa = PBXFileReference; lastKnownFileType = text.plist.xml; path = Info.plist; sourceTree = "<group>"; };
		CAD27D897DFC0B0DAB876E6B /* Pods-weather-app.release.xcconfig */ = {isa = PBXFileReference; includeInIndex = 1; lastKnownFileType = text.xcconfig; name = "Pods-weather-app.release.xcconfig"; path = "Target Support Files/Pods-weather-app/Pods-weather-app.release.xcconfig"; sourceTree = "<group>"; };
/* End PBXFileReference section */

/* Begin PBXFrameworksBuildPhase section */
		30D15CB829B54E7400ACC257 /* Frameworks */ = {
			isa = PBXFrameworksBuildPhase;
			buildActionMask = 2147483647;
			files = (
				70311B252472C19947D8ECAD /* Pods_weather_app.framework in Frameworks */,
			);
			runOnlyForDeploymentPostprocessing = 0;
		};
/* End PBXFrameworksBuildPhase section */

/* Begin PBXGroup section */
		20477AD24F42315994EFDCD1 /* Pods */ = {
			isa = PBXGroup;
			children = (
				0DC931BE3F1A60FC585E7B0F /* Pods-weather-app.debug.xcconfig */,
				CAD27D897DFC0B0DAB876E6B /* Pods-weather-app.release.xcconfig */,
			);
			path = Pods;
			sourceTree = "<group>";
		};
		305682D929B567880041F4A2 /* manager */ = {
			isa = PBXGroup;
			children = (
				305682DD29B569450041F4A2 /* WeatherManager.swift */,
			);
			path = manager;
			sourceTree = "<group>";
		};
		305682DA29B567AC0041F4A2 /* model */ = {
			isa = PBXGroup;
			children = (
				305682DB29B567C60041F4A2 /* WeatherData.swift */,
			);
			path = model;
			sourceTree = "<group>";
		};
		3069F8B129B8DE26003E1B8C /* controller */ = {
			isa = PBXGroup;
			children = (
				3069F8B229B8DE4C003E1B8C /* addCityViewController.swift */,
			);
			path = controller;
			sourceTree = "<group>";
		};
		30BAE26729B6B668000894C9 /* extension */ = {
			isa = PBXGroup;
			children = (
				30BAE26829B6B695000894C9 /* Double+Extentions.swift */,
				30AE471629BCB2B000CD264C /* Int+Extensions.swift */,
			);
			path = extension;
			sourceTree = "<group>";
		};
		30D15CB229B54E7400ACC257 = {
			isa = PBXGroup;
			children = (
				30D15CBD29B54E7400ACC257 /* weather-app */,
				30D15CBC29B54E7400ACC257 /* Products */,
				20477AD24F42315994EFDCD1 /* Pods */,
				DBCDD6DB34C56307BBAB2B55 /* Frameworks */,
			);
			sourceTree = "<group>";
		};
		30D15CBC29B54E7400ACC257 /* Products */ = {
			isa = PBXGroup;
			children = (
				30D15CBB29B54E7400ACC257 /* weather-app.app */,
			);
			name = Products;
			sourceTree = "<group>";
		};
		30D15CBD29B54E7400ACC257 /* weather-app */ = {
			isa = PBXGroup;
			children = (
				3069F8B129B8DE26003E1B8C /* controller */,
				30BAE26729B6B668000894C9 /* extension */,
				305682DA29B567AC0041F4A2 /* model */,
				305682D929B567880041F4A2 /* manager */,
				30D15CBE29B54E7400ACC257 /* AppDelegate.swift */,
				30D15CC029B54E7400ACC257 /* SceneDelegate.swift */,
				30D15CC229B54E7400ACC257 /* WeatherViewController.swift */,
				30D15CC429B54E7400ACC257 /* Main.storyboard */,
				30D15CC729B54E7500ACC257 /* Assets.xcassets */,
				30D15CC929B54E7500ACC257 /* LaunchScreen.storyboard */,
				30D15CCC29B54E7500ACC257 /* Info.plist */,
			);
			path = "weather-app";
			sourceTree = "<group>";
		};
		DBCDD6DB34C56307BBAB2B55 /* Frameworks */ = {
			isa = PBXGroup;
			children = (
				23459CB01F5F1924E157B3BB /* Pods_weather_app.framework */,
			);
			name = Frameworks;
			sourceTree = "<group>";
		};
/* End PBXGroup section */

/* Begin PBXNativeTarget section */
		30D15CBA29B54E7400ACC257 /* weather-app */ = {
			isa = PBXNativeTarget;
			buildConfigurationList = 30D15CCF29B54E7500ACC257 /* Build configuration list for PBXNativeTarget "weather-app" */;
			buildPhases = (
				D25C0AEC24A628C068F1E50B /* [CP] Check Pods Manifest.lock */,
				30D15CB729B54E7400ACC257 /* Sources */,
				30D15CB829B54E7400ACC257 /* Frameworks */,
				30D15CB929B54E7400ACC257 /* Resources */,
				00FEB7F2D98AC2136FB583EB /* [CP] Embed Pods Frameworks */,
			);
			buildRules = (
			);
			dependencies = (
			);
			name = "weather-app";
			productName = "weather-app";
			productReference = 30D15CBB29B54E7400ACC257 /* weather-app.app */;
			productType = "com.apple.product-type.application";
		};
/* End PBXNativeTarget section */

/* Begin PBXProject section */
		30D15CB329B54E7400ACC257 /* Project object */ = {
			isa = PBXProject;
			attributes = {
				BuildIndependentTargetsInParallel = 1;
				LastSwiftUpdateCheck = 1420;
				LastUpgradeCheck = 1420;
				TargetAttributes = {
					30D15CBA29B54E7400ACC257 = {
						CreatedOnToolsVersion = 14.2;
					};
				};
			};
			buildConfigurationList = 30D15CB629B54E7400ACC257 /* Build configuration list for PBXProject "weather-app" */;
			compatibilityVersion = "Xcode 14.0";
			developmentRegion = en;
			hasScannedForEncodings = 0;
			knownRegions = (
				en,
				Base,
			);
			mainGroup = 30D15CB229B54E7400ACC257;
			productRefGroup = 30D15CBC29B54E7400ACC257 /* Products */;
			projectDirPath = "";
			projectRoot = "";
			targets = (
				30D15CBA29B54E7400ACC257 /* weather-app */,
			);
		};
/* End PBXProject section */

/* Begin PBXResourcesBuildPhase section */
		30D15CB929B54E7400ACC257 /* Resources */ = {
			isa = PBXResourcesBuildPhase;
			buildActionMask = 2147483647;
			files = (
				30D15CCB29B54E7500ACC257 /* LaunchScreen.storyboard in Resources */,
				30D15CC829B54E7500ACC257 /* Assets.xcassets in Resources */,
				30D15CC629B54E7400ACC257 /* Main.storyboard in Resources */,
			);
			runOnlyForDeploymentPostprocessing = 0;
		};
/* End PBXResourcesBuildPhase section */

/* Begin PBXShellScriptBuildPhase section */
		00FEB7F2D98AC2136FB583EB /* [CP] Embed Pods Frameworks */ = {
			isa = PBXShellScriptBuildPhase;
			buildActionMask = 2147483647;
			files = (
			);
			inputFileListPaths = (
				"${PODS_ROOT}/Target Support Files/Pods-weather-app/Pods-weather-app-frameworks-${CONFIGURATION}-input-files.xcfilelist",
			);
			name = "[CP] Embed Pods Frameworks";
			outputFileListPaths = (
				"${PODS_ROOT}/Target Support Files/Pods-weather-app/Pods-weather-app-frameworks-${CONFIGURATION}-output-files.xcfilelist",
			);
			runOnlyForDeploymentPostprocessing = 0;
			shellPath = /bin/sh;
			shellScript = "\"${PODS_ROOT}/Target Support Files/Pods-weather-app/Pods-weather-app-frameworks.sh\"\n";
			showEnvVarsInLog = 0;
		};
		D25C0AEC24A628C068F1E50B /* [CP] Check Pods Manifest.lock */ = {
			isa = PBXShellScriptBuildPhase;
			buildActionMask = 2147483647;
			files = (
			);
			inputFileListPaths = (
			);
			inputPaths = (
				"${PODS_PODFILE_DIR_PATH}/Podfile.lock",
				"${PODS_ROOT}/Manifest.lock",
			);
			name = "[CP] Check Pods Manifest.lock";
			outputFileListPaths = (
			);
			outputPaths = (
				"$(DERIVED_FILE_DIR)/Pods-weather-app-checkManifestLockResult.txt",
			);
			runOnlyForDeploymentPostprocessing = 0;
			shellPath = /bin/sh;
			shellScript = "diff \"${PODS_PODFILE_DIR_PATH}/Podfile.lock\" \"${PODS_ROOT}/Manifest.lock\" > /dev/null\nif [ $? != 0 ] ; then\n    # print error to STDERR\n    echo \"error: The sandbox is not in sync with the Podfile.lock. Run 'pod install' or update your CocoaPods installation.\" >&2\n    exit 1\nfi\n# This output is used by Xcode 'outputs' to avoid re-running this script phase.\necho \"SUCCESS\" > \"${SCRIPT_OUTPUT_FILE_0}\"\n";
			showEnvVarsInLog = 0;
		};
/* End PBXShellScriptBuildPhase section */

/* Begin PBXSourcesBuildPhase section */
		30D15CB729B54E7400ACC257 /* Sources */ = {
			isa = PBXSourcesBuildPhase;
			buildActionMask = 2147483647;
			files = (
				30D15CC329B54E7400ACC257 /* WeatherViewController.swift in Sources */,
				3069F8B329B8DE4C003E1B8C /* addCityViewController.swift in Sources */,
				30D15CBF29B54E7400ACC257 /* AppDelegate.swift in Sources */,
				305682DE29B569450041F4A2 /* WeatherManager.swift in Sources */,
				30BAE26929B6B695000894C9 /* Double+Extentions.swift in Sources */,
				30AE471729BCB2B000CD264C /* Int+Extensions.swift in Sources */,
				305682DC29B567C60041F4A2 /* WeatherData.swift in Sources */,
				30D15CC129B54E7400ACC257 /* SceneDelegate.swift in Sources */,
			);
			runOnlyForDeploymentPostprocessing = 0;
		};
/* End PBXSourcesBuildPhase section */

/* Begin PBXVariantGroup section */
		30D15CC429B54E7400ACC257 /* Main.storyboard */ = {
			isa = PBXVariantGroup;
			children = (
				30D15CC529B54E7400ACC257 /* Base */,
			);
			name = Main.storyboard;
			sourceTree = "<group>";
		};
		30D15CC929B54E7500ACC257 /* LaunchScreen.storyboard */ = {
			isa = PBXVariantGroup;
			children = (
				30D15CCA29B54E7500ACC257 /* Base */,
			);
			name = LaunchScreen.storyboard;
			sourceTree = "<group>";
		};
/* End PBXVariantGroup section */

/* Begin XCBuildConfiguration section */
		30D15CCD29B54E7500ACC257 /* Debug */ = {
			isa = XCBuildConfiguration;
			buildSettings = {
				ALWAYS_SEARCH_USER_PATHS = NO;
				CLANG_ANALYZER_NONNULL = YES;
				CLANG_ANALYZER_NUMBER_OBJECT_CONVERSION = YES_AGGRESSIVE;
				CLANG_CXX_LANGUAGE_STANDARD = "gnu++20";
				CLANG_ENABLE_MODULES = YES;
				CLANG_ENABLE_OBJC_ARC = YES;
				CLANG_ENABLE_OBJC_WEAK = YES;
				CLANG_WARN_BLOCK_CAPTURE_AUTORELEASING = YES;
				CLANG_WARN_BOOL_CONVERSION = YES;
				CLANG_WARN_COMMA = YES;
				CLANG_WARN_CONSTANT_CONVERSION = YES;
				CLANG_WARN_DEPRECATED_OBJC_IMPLEMENTATIONS = YES;
				CLANG_WARN_DIRECT_OBJC_ISA_USAGE = YES_ERROR;
				CLANG_WARN_DOCUMENTATION_COMMENTS = YES;
				CLANG_WARN_EMPTY_BODY = YES;
				CLANG_WARN_ENUM_CONVERSION = YES;
				CLANG_WARN_INFINITE_RECURSION = YES;
				CLANG_WARN_INT_CONVERSION = YES;
				CLANG_WARN_NON_LITERAL_NULL_CONVERSION = YES;
				CLANG_WARN_OBJC_IMPLICIT_RETAIN_SELF = YES;
				CLANG_WARN_OBJC_LITERAL_CONVERSION = YES;
				CLANG_WARN_OBJC_ROOT_CLASS = YES_ERROR;
				CLANG_WARN_QUOTED_INCLUDE_IN_FRAMEWORK_HEADER = YES;
				CLANG_WARN_RANGE_LOOP_ANALYSIS = YES;
				CLANG_WARN_STRICT_PROTOTYPES = YES;
				CLANG_WARN_SUSPICIOUS_MOVE = YES;
				CLANG_WARN_UNGUARDED_AVAILABILITY = YES_AGGRESSIVE;
				CLANG_WARN_UNREACHABLE_CODE = YES;
				CLANG_WARN__DUPLICATE_METHOD_MATCH = YES;
				COPY_PHASE_STRIP = NO;
				DEBUG_INFORMATION_FORMAT = dwarf;
				ENABLE_STRICT_OBJC_MSGSEND = YES;
				ENABLE_TESTABILITY = YES;
				GCC_C_LANGUAGE_STANDARD = gnu11;
				GCC_DYNAMIC_NO_PIC = NO;
				GCC_NO_COMMON_BLOCKS = YES;
				GCC_OPTIMIZATION_LEVEL = 0;
				GCC_PREPROCESSOR_DEFINITIONS = (
					"DEBUG=1",
					"$(inherited)",
				);
				GCC_WARN_64_TO_32_BIT_CONVERSION = YES;
				GCC_WARN_ABOUT_RETURN_TYPE = YES_ERROR;
				GCC_WARN_UNDECLARED_SELECTOR = YES;
				GCC_WARN_UNINITIALIZED_AUTOS = YES_AGGRESSIVE;
				GCC_WARN_UNUSED_FUNCTION = YES;
				GCC_WARN_UNUSED_VARIABLE = YES;
				IPHONEOS_DEPLOYMENT_TARGET = 16.2;
				MTL_ENABLE_DEBUG_INFO = INCLUDE_SOURCE;
				MTL_FAST_MATH = YES;
				ONLY_ACTIVE_ARCH = YES;
				SDKROOT = iphoneos;
				SWIFT_ACTIVE_COMPILATION_CONDITIONS = DEBUG;
				SWIFT_OPTIMIZATION_LEVEL = "-Onone";
			};
			name = Debug;
		};
		30D15CCE29B54E7500ACC257 /* Release */ = {
			isa = XCBuildConfiguration;
			buildSettings = {
				ALWAYS_SEARCH_USER_PATHS = NO;
				CLANG_ANALYZER_NONNULL = YES;
				CLANG_ANALYZER_NUMBER_OBJECT_CONVERSION = YES_AGGRESSIVE;
				CLANG_CXX_LANGUAGE_STANDARD = "gnu++20";
				CLANG_ENABLE_MODULES = YES;
				CLANG_ENABLE_OBJC_ARC = YES;
				CLANG_ENABLE_OBJC_WEAK = YES;
				CLANG_WARN_BLOCK_CAPTURE_AUTORELEASING = YES;
				CLANG_WARN_BOOL_CONVERSION = YES;
				CLANG_WARN_COMMA = YES;
				CLANG_WARN_CONSTANT_CONVERSION = YES;
				CLANG_WARN_DEPRECATED_OBJC_IMPLEMENTATIONS = YES;
				CLANG_WARN_DIRECT_OBJC_ISA_USAGE = YES_ERROR;
				CLANG_WARN_DOCUMENTATION_COMMENTS = YES;
				CLANG_WARN_EMPTY_BODY = YES;
				CLANG_WARN_ENUM_CONVERSION = YES;
				CLANG_WARN_INFINITE_RECURSION = YES;
				CLANG_WARN_INT_CONVERSION = YES;
				CLANG_WARN_NON_LITERAL_NULL_CONVERSION = YES;
				CLANG_WARN_OBJC_IMPLICIT_RETAIN_SELF = YES;
				CLANG_WARN_OBJC_LITERAL_CONVERSION = YES;
				CLANG_WARN_OBJC_ROOT_CLASS = YES_ERROR;
				CLANG_WARN_QUOTED_INCLUDE_IN_FRAMEWORK_HEADER = YES;
				CLANG_WARN_RANGE_LOOP_ANALYSIS = YES;
				CLANG_WARN_STRICT_PROTOTYPES = YES;
				CLANG_WARN_SUSPICIOUS_MOVE = YES;
				CLANG_WARN_UNGUARDED_AVAILABILITY = YES_AGGRESSIVE;
				CLANG_WARN_UNREACHABLE_CODE = YES;
				CLANG_WARN__DUPLICATE_METHOD_MATCH = YES;
				COPY_PHASE_STRIP = NO;
				DEBUG_INFORMATION_FORMAT = "dwarf-with-dsym";
				ENABLE_NS_ASSERTIONS = NO;
				ENABLE_STRICT_OBJC_MSGSEND = YES;
				GCC_C_LANGUAGE_STANDARD = gnu11;
				GCC_NO_COMMON_BLOCKS = YES;
				GCC_WARN_64_TO_32_BIT_CONVERSION = YES;
				GCC_WARN_ABOUT_RETURN_TYPE = YES_ERROR;
				GCC_WARN_UNDECLARED_SELECTOR = YES;
				GCC_WARN_UNINITIALIZED_AUTOS = YES_AGGRESSIVE;
				GCC_WARN_UNUSED_FUNCTION = YES;
				GCC_WARN_UNUSED_VARIABLE = YES;
				IPHONEOS_DEPLOYMENT_TARGET = 16.2;
				MTL_ENABLE_DEBUG_INFO = NO;
				MTL_FAST_MATH = YES;
				SDKROOT = iphoneos;
				SWIFT_COMPILATION_MODE = wholemodule;
				SWIFT_OPTIMIZATION_LEVEL = "-O";
				VALIDATE_PRODUCT = YES;
			};
			name = Release;
		};
		30D15CD029B54E7500ACC257 /* Debug */ = {
			isa = XCBuildConfiguration;
			baseConfigurationReference = 0DC931BE3F1A60FC585E7B0F /* Pods-weather-app.debug.xcconfig */;
			buildSettings = {
				ASSETCATALOG_COMPILER_APPICON_NAME = AppIcon;
				ASSETCATALOG_COMPILER_GLOBAL_ACCENT_COLOR_NAME = AccentColor;
				CODE_SIGN_STYLE = Automatic;
				CURRENT_PROJECT_VERSION = 1;
				DEVELOPMENT_TEAM = 63C6GDV6M6;
				GENERATE_INFOPLIST_FILE = YES;
				INFOPLIST_FILE = "weather-app/Info.plist";
				INFOPLIST_KEY_UIApplicationSupportsIndirectInputEvents = YES;
				INFOPLIST_KEY_UILaunchStoryboardName = LaunchScreen;
				INFOPLIST_KEY_UIMainStoryboardFile = Main;
				INFOPLIST_KEY_UISupportedInterfaceOrientations_iPad = "UIInterfaceOrientationPortrait UIInterfaceOrientationPortraitUpsideDown UIInterfaceOrientationLandscapeLeft UIInterfaceOrientationLandscapeRight";
				INFOPLIST_KEY_UISupportedInterfaceOrientations_iPhone = "UIInterfaceOrientationPortrait UIInterfaceOrientationLandscapeLeft UIInterfaceOrientationLandscapeRight";
				LD_RUNPATH_SEARCH_PATHS = (
					"$(inherited)",
					"@executable_path/Frameworks",
				);
				MARKETING_VERSION = 1.0;
				PRODUCT_BUNDLE_IDENTIFIER = "HasanYavuz.weather-app";
				PRODUCT_NAME = "$(TARGET_NAME)";
				SWIFT_EMIT_LOC_STRINGS = YES;
				SWIFT_VERSION = 5.0;
				TARGETED_DEVICE_FAMILY = "1,2";
			};
			name = Debug;
		};
		30D15CD129B54E7500ACC257 /* Release */ = {
			isa = XCBuildConfiguration;
			baseConfigurationReference = CAD27D897DFC0B0DAB876E6B /* Pods-weather-app.release.xcconfig */;
			buildSettings = {
				ASSETCATALOG_COMPILER_APPICON_NAME = AppIcon;
				ASSETCATALOG_COMPILER_GLOBAL_ACCENT_COLOR_NAME = AccentColor;
				CODE_SIGN_STYLE = Automatic;
				CURRENT_PROJECT_VERSION = 1;
				DEVELOPMENT_TEAM = 63C6GDV6M6;
				GENERATE_INFOPLIST_FILE = YES;
				INFOPLIST_FILE = "weather-app/Info.plist";
				INFOPLIST_KEY_UIApplicationSupportsIndirectInputEvents = YES;
				INFOPLIST_KEY_UILaunchStoryboardName = LaunchScreen;
				INFOPLIST_KEY_UIMainStoryboardFile = Main;
				INFOPLIST_KEY_UISupportedInterfaceOrientations_iPad = "UIInterfaceOrientationPortrait UIInterfaceOrientationPortraitUpsideDown UIInterfaceOrientationLandscapeLeft UIInterfaceOrientationLandscapeRight";
				INFOPLIST_KEY_UISupportedInterfaceOrientations_iPhone = "UIInterfaceOrientationPortrait UIInterfaceOrientationLandscapeLeft UIInterfaceOrientationLandscapeRight";
				LD_RUNPATH_SEARCH_PATHS = (
					"$(inherited)",
					"@executable_path/Frameworks",
				);
				MARKETING_VERSION = 1.0;
				PRODUCT_BUNDLE_IDENTIFIER = "HasanYavuz.weather-app";
				PRODUCT_NAME = "$(TARGET_NAME)";
				SWIFT_EMIT_LOC_STRINGS = YES;
				SWIFT_VERSION = 5.0;
				TARGETED_DEVICE_FAMILY = "1,2";
			};
			name = Release;
		};
/* End XCBuildConfiguration section */

/* Begin XCConfigurationList section */
		30D15CB629B54E7400ACC257 /* Build configuration list for PBXProject "weather-app" */ = {
			isa = XCConfigurationList;
			buildConfigurations = (
				30D15CCD29B54E7500ACC257 /* Debug */,
				30D15CCE29B54E7500ACC257 /* Release */,
			);
			defaultConfigurationIsVisible = 0;
			defaultConfigurationName = Release;
		};
		30D15CCF29B54E7500ACC257 /* Build configuration list for PBXNativeTarget "weather-app" */ = {
			isa = XCConfigurationList;
			buildConfigurations = (
				30D15CD029B54E7500ACC257 /* Debug */,
				30D15CD129B54E7500ACC257 /* Release */,
			);
			defaultConfigurationIsVisible = 0;
			defaultConfigurationName = Release;
		};
/* End XCConfigurationList section */
	};
	rootObject = 30D15CB329B54E7400ACC257 /* Project object */;
}
